
Microsoft Visual Studio Solution File, Format Version 12.00
# Visual Studio 15
VisualStudioVersion = 15.0.28307.168
MinimumVisualStudioVersion = 10.0.40219.1
Project("{8BC9CEB8-8B4A-11D0-8D11-00A0C91BC942}") = "Chat", "Chat.vcxproj", "{1C0EE512-1880-4112-9808-B010552DD442}"
EndProject
Global
	GlobalSection(SolutionConfigurationPlatforms) = preSolution
		Debug|x86 = Debug|x86
		Release|x86 = Release|x86
	EndGlobalSection
	GlobalSection(ProjectConfigurationPlatforms) = postSolution
		{1C0EE512-1880-4112-9808-B010552DD442}.Debug|x86.ActiveCfg = Debug|Win32
		{1C0EE512-1880-4112-9808-B010552DD442}.Debug|x86.Build.0 = Debug|Win32
		{1C0EE512-1880-4112-9808-B010552DD442}.Release|x86.ActiveCfg = Release|Win32
		{1C0EE512-1880-4112-9808-B010552DD442}.Release|x86.Build.0 = Release|Win32
	EndGlobalSection
	GlobalSection(SolutionProperties) = preSolution
		HideSolutionNode = FALSE
	EndGlobalSection
	GlobalSection(ExtensibilityGlobals) = postSolution
		SolutionGuid = {6F2E62E2-FE26-43DB-B952-434A977D6CD0}
	EndGlobalSection
EndGlobal
